// !$*UTF8*$!
{
	archiveVersion = 1;
	classes = {
	};
	objectVersion = 56;
	objects = {

/* Begin PBXBuildFile section */
		A10000010000000000000001 /* ClaudeConfigManagerApp.swift in Sources */ = {isa = PBXBuildFile; fileRef = A10001010000000000000001 /* ClaudeConfigManagerApp.swift */; };
		A10000010000000000000002 /* AppBootstrapState.swift in Sources */ = {isa = PBXBuildFile; fileRef = A10001010000000000000002 /* AppBootstrapState.swift */; };
		A10000010000000000000003 /* AppRouter.swift in Sources */ = {isa = PBXBuildFile; fileRef = A10001010000000000000003 /* AppRouter.swift */; };
		A10000010000000000000004 /* RootSplitView.swift in Sources */ = {isa = PBXBuildFile; fileRef = A10001010000000000000004 /* RootSplitView.swift */; };
		A10000010000000000000005 /* SidebarDestination.swift in Sources */ = {isa = PBXBuildFile; fileRef = A10001010000000000000005 /* SidebarDestination.swift */; };
		A10000010000000000000006 /* SidebarState.swift in Sources */ = {isa = PBXBuildFile; fileRef = A10001010000000000000006 /* SidebarState.swift */; };
		A10000010000000000000007 /* ManagedScopeView.swift in Sources */ = {isa = PBXBuildFile; fileRef = A10001010000000000000007 /* ManagedScopeView.swift */; };
		A10000010000000000000008 /* ProjectScopeView.swift in Sources */ = {isa = PBXBuildFile; fileRef = A10001010000000000000008 /* ProjectScopeView.swift */; };
		A10000010000000000000009 /* SessionScopeView.swift in Sources */ = {isa = PBXBuildFile; fileRef = A10001010000000000000009 /* SessionScopeView.swift */; };
		A1000001000000000000000A /* UserScopeView.swift in Sources */ = {isa = PBXBuildFile; fileRef = A1000101000000000000000A /* UserScopeView.swift */; };
		A1000001000000000000000B /* ScopePlaceholderView.swift in Sources */ = {isa = PBXBuildFile; fileRef = A1000101000000000000000B /* ScopePlaceholderView.swift */; };
		A1000001000000000000000C /* ScopeScreenModel.swift in Sources */ = {isa = PBXBuildFile; fileRef = A1000101000000000000000C /* ScopeScreenModel.swift */; };
		A1000001000000000000000D /* AppDebugMonitor.swift in Sources */ = {isa = PBXBuildFile; fileRef = A1000101000000000000000D /* AppDebugMonitor.swift */; };
		A1000001000000000000000E /* Assets.xcassets in Resources */ = {isa = PBXBuildFile; fileRef = A1000101000000000000000E /* Assets.xcassets */; };
		A1000001000000000000000F /* ClaudeConfigManagerTests.swift in Sources */ = {isa = PBXBuildFile; fileRef = A10001010000000000000010 /* ClaudeConfigManagerTests.swift */; };
		A10000010000000000000010 /* BookmarkModels.swift in Sources */ = {isa = PBXBuildFile; fileRef = A10001010000000000000013 /* BookmarkModels.swift */; };
		A10000010000000000000011 /* BookmarkPersistence.swift in Sources */ = {isa = PBXBuildFile; fileRef = A10001010000000000000014 /* BookmarkPersistence.swift */; };
		A10000010000000000000012 /* BookmarkStore.swift in Sources */ = {isa = PBXBuildFile; fileRef = A10001010000000000000015 /* BookmarkStore.swift */; };
		A10000010000000000000013 /* FolderSelectionService.swift in Sources */ = {isa = PBXBuildFile; fileRef = A10001010000000000000016 /* FolderSelectionService.swift */; };
		A10000010000000000000014 /* BookmarkStoreTests.swift in Sources */ = {isa = PBXBuildFile; fileRef = A10001010000000000000017 /* BookmarkStoreTests.swift */; };
		A10000010000000000000018 /* RootResolutionModels.swift in Sources */ = {isa = PBXBuildFile; fileRef = A10001010000000000000018 /* RootResolutionModels.swift */; };
		A10000010000000000000019 /* RootLocator.swift in Sources */ = {isa = PBXBuildFile; fileRef = A10001010000000000000019 /* RootLocator.swift */; };
		A1000001000000000000001A /* RootLocatorTests.swift in Sources */ = {isa = PBXBuildFile; fileRef = A1000101000000000000001A /* RootLocatorTests.swift */; };
		A1000001000000000000001B /* WorkspaceScanner.swift in Sources */ = {isa = PBXBuildFile; fileRef = A1000101000000000000001B /* WorkspaceScanner.swift */; };
		A1000001000000000000001C /* WorkspaceScannerTests.swift in Sources */ = {isa = PBXBuildFile; fileRef = A1000101000000000000001C /* WorkspaceScannerTests.swift */; };
		A1000001000000000000001D /* SettingsParser.swift in Sources */ = {isa = PBXBuildFile; fileRef = A1000101000000000000001D /* SettingsParser.swift */; };
		A1000001000000000000001E /* SettingsParserTests.swift in Sources */ = {isa = PBXBuildFile; fileRef = A1000101000000000000001E /* SettingsParserTests.swift */; };
		A1000001000000000000001F /* ClaudeJsonParser.swift in Sources */ = {isa = PBXBuildFile; fileRef = A1000101000000000000001F /* ClaudeJsonParser.swift */; };
		A10000010000000000000020 /* ClaudeJsonParserTests.swift in Sources */ = {isa = PBXBuildFile; fileRef = A10001010000000000000020 /* ClaudeJsonParserTests.swift */; };
		A10000010000000000000021 /* AgentParser.swift in Sources */ = {isa = PBXBuildFile; fileRef = A10001010000000000000021 /* AgentParser.swift */; };
		A10000010000000000000022 /* AgentParserTests.swift in Sources */ = {isa = PBXBuildFile; fileRef = A10001010000000000000022 /* AgentParserTests.swift */; };
		A10000010000000000000023 /* SkillParser.swift in Sources */ = {isa = PBXBuildFile; fileRef = A10001010000000000000023 /* SkillParser.swift */; };
		A10000010000000000000024 /* SkillParserTests.swift in Sources */ = {isa = PBXBuildFile; fileRef = A10001010000000000000024 /* SkillParserTests.swift */; };
		A10000010000000000000025 /* ResolverModels.swift in Sources */ = {isa = PBXBuildFile; fileRef = A10001010000000000000025 /* ResolverModels.swift */; };
		A10000010000000000000026 /* ResolverModelsTests.swift in Sources */ = {isa = PBXBuildFile; fileRef = A10001010000000000000026 /* ResolverModelsTests.swift */; };
		A10000010000000000000027 /* SettingsKeyRegistry.swift in Sources */ = {isa = PBXBuildFile; fileRef = A10001010000000000000027 /* SettingsKeyRegistry.swift */; };
/* End PBXBuildFile section */

/* Begin PBXContainerItemProxy section */
		A10000020000000000000001 /* PBXContainerItemProxy */ = {
			isa = PBXContainerItemProxy;
			containerPortal = A10000030000000000000001 /* Project object */;
			proxyType = 1;
			remoteGlobalIDString = A10000040000000000000001;
			remoteInfo = ClaudeConfigManager;
		};
/* End PBXContainerItemProxy section */

/* Begin PBXFileReference section */
		A10001010000000000000001 /* ClaudeConfigManagerApp.swift */ = {isa = PBXFileReference; lastKnownFileType = sourcecode.swift; path = ClaudeConfigManagerApp.swift; sourceTree = "<group>"; };
		A10001010000000000000002 /* AppBootstrapState.swift */ = {isa = PBXFileReference; lastKnownFileType = sourcecode.swift; path = AppBootstrapState.swift; sourceTree = "<group>"; };
		A10001010000000000000003 /* AppRouter.swift */ = {isa = PBXFileReference; lastKnownFileType = sourcecode.swift; path = AppRouter.swift; sourceTree = "<group>"; };
		A10001010000000000000004 /* RootSplitView.swift */ = {isa = PBXFileReference; lastKnownFileType = sourcecode.swift; path = RootSplitView.swift; sourceTree = "<group>"; };
		A10001010000000000000005 /* SidebarDestination.swift */ = {isa = PBXFileReference; lastKnownFileType = sourcecode.swift; path = SidebarDestination.swift; sourceTree = "<group>"; };
		A10001010000000000000006 /* SidebarState.swift */ = {isa = PBXFileReference; lastKnownFileType = sourcecode.swift; path = SidebarState.swift; sourceTree = "<group>"; };
		A10001010000000000000007 /* ManagedScopeView.swift */ = {isa = PBXFileReference; lastKnownFileType = sourcecode.swift; path = ManagedScopeView.swift; sourceTree = "<group>"; };
		A10001010000000000000008 /* ProjectScopeView.swift */ = {isa = PBXFileReference; lastKnownFileType = sourcecode.swift; path = ProjectScopeView.swift; sourceTree = "<group>"; };
		A10001010000000000000009 /* SessionScopeView.swift */ = {isa = PBXFileReference; lastKnownFileType = sourcecode.swift; path = SessionScopeView.swift; sourceTree = "<group>"; };
		A1000101000000000000000A /* UserScopeView.swift */ = {isa = PBXFileReference; lastKnownFileType = sourcecode.swift; path = UserScopeView.swift; sourceTree = "<group>"; };
		A1000101000000000000000B /* ScopePlaceholderView.swift */ = {isa = PBXFileReference; lastKnownFileType = sourcecode.swift; path = ScopePlaceholderView.swift; sourceTree = "<group>"; };
		A1000101000000000000000C /* ScopeScreenModel.swift */ = {isa = PBXFileReference; lastKnownFileType = sourcecode.swift; path = ScopeScreenModel.swift; sourceTree = "<group>"; };
		A1000101000000000000000D /* AppDebugMonitor.swift */ = {isa = PBXFileReference; lastKnownFileType = sourcecode.swift; path = AppDebugMonitor.swift; sourceTree = "<group>"; };
		A1000101000000000000000E /* Assets.xcassets */ = {isa = PBXFileReference; lastKnownFileType = folder.assetcatalog; path = Assets.xcassets; sourceTree = "<group>"; };
		A1000101000000000000000F /* ClaudeConfigManager.app */ = {isa = PBXFileReference; explicitFileType = wrapper.application; includeInIndex = 0; path = ClaudeConfigManager.app; sourceTree = BUILT_PRODUCTS_DIR; };
		A10001010000000000000010 /* ClaudeConfigManagerTests.swift */ = {isa = PBXFileReference; lastKnownFileType = sourcecode.swift; path = ClaudeConfigManagerTests.swift; sourceTree = "<group>"; };
		A10001010000000000000011 /* ClaudeConfigManagerTests.xctest */ = {isa = PBXFileReference; explicitFileType = wrapper.cfbundle; includeInIndex = 0; path = ClaudeConfigManagerTests.xctest; sourceTree = BUILT_PRODUCTS_DIR; };
		A10001010000000000000012 /* ClaudeConfigManager.entitlements */ = {isa = PBXFileReference; lastKnownFileType = text.plist.entitlements; path = ClaudeConfigManager.entitlements; sourceTree = "<group>"; };
		A10001010000000000000013 /* BookmarkModels.swift */ = {isa = PBXFileReference; lastKnownFileType = sourcecode.swift; path = BookmarkModels.swift; sourceTree = "<group>"; };
		A10001010000000000000014 /* BookmarkPersistence.swift */ = {isa = PBXFileReference; lastKnownFileType = sourcecode.swift; path = BookmarkPersistence.swift; sourceTree = "<group>"; };
		A10001010000000000000015 /* BookmarkStore.swift */ = {isa = PBXFileReference; lastKnownFileType = sourcecode.swift; path = BookmarkStore.swift; sourceTree = "<group>"; };
		A10001010000000000000016 /* FolderSelectionService.swift */ = {isa = PBXFileReference; lastKnownFileType = sourcecode.swift; path = FolderSelectionService.swift; sourceTree = "<group>"; };
		A10001010000000000000017 /* BookmarkStoreTests.swift */ = {isa = PBXFileReference; lastKnownFileType = sourcecode.swift; path = BookmarkStoreTests.swift; sourceTree = "<group>"; };
		A10001010000000000000018 /* RootResolutionModels.swift */ = {isa = PBXFileReference; lastKnownFileType = sourcecode.swift; path = RootResolutionModels.swift; sourceTree = "<group>"; };
		A10001010000000000000019 /* RootLocator.swift */ = {isa = PBXFileReference; lastKnownFileType = sourcecode.swift; path = RootLocator.swift; sourceTree = "<group>"; };
		A1000101000000000000001A /* RootLocatorTests.swift */ = {isa = PBXFileReference; lastKnownFileType = sourcecode.swift; path = RootLocatorTests.swift; sourceTree = "<group>"; };
		A1000101000000000000001B /* WorkspaceScanner.swift */ = {isa = PBXFileReference; lastKnownFileType = sourcecode.swift; path = WorkspaceScanner.swift; sourceTree = "<group>"; };
		A1000101000000000000001C /* WorkspaceScannerTests.swift */ = {isa = PBXFileReference; lastKnownFileType = sourcecode.swift; path = WorkspaceScannerTests.swift; sourceTree = "<group>"; };
		A1000101000000000000001D /* SettingsParser.swift */ = {isa = PBXFileReference; lastKnownFileType = sourcecode.swift; path = SettingsParser.swift; sourceTree = "<group>"; };
		A1000101000000000000001E /* SettingsParserTests.swift */ = {isa = PBXFileReference; lastKnownFileType = sourcecode.swift; path = SettingsParserTests.swift; sourceTree = "<group>"; };
		A1000101000000000000001F /* ClaudeJsonParser.swift */ = {isa = PBXFileReference; lastKnownFileType = sourcecode.swift; path = ClaudeJsonParser.swift; sourceTree = "<group>"; };
		A10001010000000000000020 /* ClaudeJsonParserTests.swift */ = {isa = PBXFileReference; lastKnownFileType = sourcecode.swift; path = ClaudeJsonParserTests.swift; sourceTree = "<group>"; };
		A10001010000000000000021 /* AgentParser.swift */ = {isa = PBXFileReference; lastKnownFileType = sourcecode.swift; path = AgentParser.swift; sourceTree = "<group>"; };
		A10001010000000000000022 /* AgentParserTests.swift */ = {isa = PBXFileReference; lastKnownFileType = sourcecode.swift; path = AgentParserTests.swift; sourceTree = "<group>"; };
		A10001010000000000000023 /* SkillParser.swift */ = {isa = PBXFileReference; lastKnownFileType = sourcecode.swift; path = SkillParser.swift; sourceTree = "<group>"; };
		A10001010000000000000024 /* SkillParserTests.swift */ = {isa = PBXFileReference; lastKnownFileType = sourcecode.swift; path = SkillParserTests.swift; sourceTree = "<group>"; };
		A10001010000000000000025 /* ResolverModels.swift */ = {isa = PBXFileReference; lastKnownFileType = sourcecode.swift; path = ResolverModels.swift; sourceTree = "<group>"; };
		A10001010000000000000026 /* ResolverModelsTests.swift */ = {isa = PBXFileReference; lastKnownFileType = sourcecode.swift; path = ResolverModelsTests.swift; sourceTree = "<group>"; };
		A10001010000000000000027 /* SettingsKeyRegistry.swift */ = {isa = PBXFileReference; lastKnownFileType = sourcecode.swift; path = SettingsKeyRegistry.swift; sourceTree = "<group>"; };
/* End PBXFileReference section */

/* Begin PBXFrameworksBuildPhase section */
		A10000050000000000000001 /* Frameworks */ = {
			isa = PBXFrameworksBuildPhase;
			buildActionMask = 2147483647;
			files = (
			);
			runOnlyForDeploymentPostprocessing = 0;
		};
		A10000050000000000000002 /* Frameworks */ = {
			isa = PBXFrameworksBuildPhase;
			buildActionMask = 2147483647;
			files = (
			);
			runOnlyForDeploymentPostprocessing = 0;
		};
/* End PBXFrameworksBuildPhase section */

/* Begin PBXGroup section */
		A10000060000000000000001 = {
			isa = PBXGroup;
			children = (
				A10000060000000000000002 /* ClaudeConfigManager */,
				A1000006000000000000000F /* ClaudeConfigManagerTests */,
				A10000060000000000000010 /* Products */,
			);
			sourceTree = "<group>";
		};
		A10000060000000000000002 /* ClaudeConfigManager */ = {
			isa = PBXGroup;
			children = (
				A10000060000000000000003 /* App */,
				A10000060000000000000007 /* Features */,
				A1000006000000000000000C /* Core */,
				A1000006000000000000000D /* Infrastructure */,
				A1000006000000000000000E /* Resources */,
			);
			path = ClaudeConfigManager;
			sourceTree = "<group>";
		};
		A10000060000000000000003 /* App */ = {
			isa = PBXGroup;
			children = (
				A10001010000000000000002 /* AppBootstrapState.swift */,
				A10001010000000000000003 /* AppRouter.swift */,
				A10001010000000000000001 /* ClaudeConfigManagerApp.swift */,
				A10001010000000000000004 /* RootSplitView.swift */,
				A10001010000000000000005 /* SidebarDestination.swift */,
				A10001010000000000000006 /* SidebarState.swift */,
			);
			path = App;
			sourceTree = "<group>";
		};
		A10000060000000000000007 /* Features */ = {
			isa = PBXGroup;
			children = (
				A10000060000000000000008 /* Managed */,
				A10000060000000000000009 /* Project */,
				A1000006000000000000000A /* Session */,
				A1000006000000000000000B /* Shared */,
				A10000060000000000000011 /* User */,
			);
			path = Features;
			sourceTree = "<group>";
		};
		A10000060000000000000008 /* Managed */ = {
			isa = PBXGroup;
			children = (
				A10001010000000000000007 /* ManagedScopeView.swift */,
			);
			path = Managed;
			sourceTree = "<group>";
		};
		A10000060000000000000009 /* Project */ = {
			isa = PBXGroup;
			children = (
				A10001010000000000000008 /* ProjectScopeView.swift */,
			);
			path = Project;
			sourceTree = "<group>";
		};
		A1000006000000000000000A /* Session */ = {
			isa = PBXGroup;
			children = (
				A10001010000000000000009 /* SessionScopeView.swift */,
			);
			path = Session;
			sourceTree = "<group>";
		};
		A1000006000000000000000B /* Shared */ = {
			isa = PBXGroup;
			children = (
				A1000101000000000000000B /* ScopePlaceholderView.swift */,
			);
			path = Shared;
			sourceTree = "<group>";
		};
		A1000006000000000000000C /* Core */ = {
			isa = PBXGroup;
			children = (
				A10000060000000000000012 /* Models */,
			);
			path = Core;
			sourceTree = "<group>";
		};
		A1000006000000000000000D /* Infrastructure */ = {
			isa = PBXGroup;
			children = (
				A10000060000000000000018 /* Parsers */,
				A1000006000000000000001A /* Resolver */,
				A10000060000000000000016 /* Discovery */,
				A10000060000000000000014 /* Bookmarks */,
				A10000060000000000000013 /* Debug */,
			);
			path = Infrastructure;
			sourceTree = "<group>";
		};
		A1000006000000000000000E /* Resources */ = {
			isa = PBXGroup;
			children = (
				A1000101000000000000000E /* Assets.xcassets */,
				A10001010000000000000012 /* ClaudeConfigManager.entitlements */,
			);
			path = Resources;
			sourceTree = "<group>";
		};
		A1000006000000000000000F /* ClaudeConfigManagerTests */ = {
			isa = PBXGroup;
			children = (
				A10000060000000000000015 /* Bookmarks */,
				A10000060000000000000017 /* Discovery */,
				A10000060000000000000019 /* Parsers */,
				A1000006000000000000001B /* Resolver */,
				A10001010000000000000010 /* ClaudeConfigManagerTests.swift */,
			);
			path = ClaudeConfigManagerTests;
			sourceTree = "<group>";
		};
		A10000060000000000000010 /* Products */ = {
			isa = PBXGroup;
			children = (
				A1000101000000000000000F /* ClaudeConfigManager.app */,
				A10001010000000000000011 /* ClaudeConfigManagerTests.xctest */,
			);
			name = Products;
			sourceTree = "<group>";
		};
		A10000060000000000000011 /* User */ = {
			isa = PBXGroup;
			children = (
				A1000101000000000000000A /* UserScopeView.swift */,
			);
			path = User;
			sourceTree = "<group>";
		};
		A10000060000000000000012 /* Models */ = {
			isa = PBXGroup;
			children = (
				A1000101000000000000000C /* ScopeScreenModel.swift */,
			);
			path = Models;
			sourceTree = "<group>";
		};
		A10000060000000000000013 /* Debug */ = {
			isa = PBXGroup;
			children = (
				A1000101000000000000000D /* AppDebugMonitor.swift */,
			);
			path = Debug;
			sourceTree = "<group>";
		};
		A10000060000000000000014 /* Bookmarks */ = {
			isa = PBXGroup;
			children = (
				A10001010000000000000013 /* BookmarkModels.swift */,
				A10001010000000000000014 /* BookmarkPersistence.swift */,
				A10001010000000000000015 /* BookmarkStore.swift */,
				A10001010000000000000016 /* FolderSelectionService.swift */,
			);
			path = Bookmarks;
			sourceTree = "<group>";
		};
		A10000060000000000000015 /* Bookmarks */ = {
			isa = PBXGroup;
			children = (
				A10001010000000000000017 /* BookmarkStoreTests.swift */,
			);
			path = Bookmarks;
			sourceTree = "<group>";
		};
		A10000060000000000000016 /* Discovery */ = {
			isa = PBXGroup;
			children = (
				A10001010000000000000019 /* RootLocator.swift */,
				A10001010000000000000018 /* RootResolutionModels.swift */,
				A1000101000000000000001B /* WorkspaceScanner.swift */,
			);
			path = Discovery;
			sourceTree = "<group>";
		};
		A10000060000000000000017 /* Discovery */ = {
			isa = PBXGroup;
			children = (
				A1000101000000000000001A /* RootLocatorTests.swift */,
				A1000101000000000000001C /* WorkspaceScannerTests.swift */,
			);
			path = Discovery;
			sourceTree = "<group>";
		};
		A10000060000000000000018 /* Parsers */ = {
			isa = PBXGroup;
			children = (
				A10001010000000000000021 /* AgentParser.swift */,
				A1000101000000000000001F /* ClaudeJsonParser.swift */,
				A10001010000000000000027 /* SettingsKeyRegistry.swift */,
				A1000101000000000000001D /* SettingsParser.swift */,
				A10001010000000000000023 /* SkillParser.swift */,
			);
			path = Parsers;
			sourceTree = "<group>";
		};
		A10000060000000000000019 /* Parsers */ = {
			isa = PBXGroup;
			children = (
				A10001010000000000000022 /* AgentParserTests.swift */,
				A10001010000000000000020 /* ClaudeJsonParserTests.swift */,
				A1000101000000000000001E /* SettingsParserTests.swift */,
				A10001010000000000000024 /* SkillParserTests.swift */,
			);
			path = Parsers;
			sourceTree = "<group>";
		};
		A1000006000000000000001A /* Resolver */ = {
			isa = PBXGroup;
			children = (
				A10001010000000000000025 /* ResolverModels.swift */,
			);
			path = Resolver;
			sourceTree = "<group>";
		};
		A1000006000000000000001B /* Resolver */ = {
			isa = PBXGroup;
			children = (
				A10001010000000000000026 /* ResolverModelsTests.swift */,
			);
			path = Resolver;
			sourceTree = "<group>";
		};
/* End PBXGroup section */

/* Begin PBXNativeTarget section */
		A10000040000000000000001 /* ClaudeConfigManager */ = {
			isa = PBXNativeTarget;
			buildConfigurationList = A10000090000000000000001 /* Build configuration list for PBXNativeTarget "ClaudeConfigManager" */;
			buildPhases = (
				A10000070000000000000001 /* Sources */,
				A10000050000000000000001 /* Frameworks */,
				A10000080000000000000001 /* Resources */,
			);
			buildRules = (
			);
			dependencies = (
			);
			name = ClaudeConfigManager;
			productName = ClaudeConfigManager;
			productReference = A1000101000000000000000F /* ClaudeConfigManager.app */;
			productType = "com.apple.product-type.application";
		};
		A10000040000000000000002 /* ClaudeConfigManagerTests */ = {
			isa = PBXNativeTarget;
			buildConfigurationList = A10000090000000000000002 /* Build configuration list for PBXNativeTarget "ClaudeConfigManagerTests" */;
			buildPhases = (
				A10000070000000000000002 /* Sources */,
				A10000050000000000000002 /* Frameworks */,
				A10000080000000000000002 /* Resources */,
			);
			buildRules = (
			);
			dependencies = (
				A100000A0000000000000001 /* PBXTargetDependency */,
			);
			name = ClaudeConfigManagerTests;
			productName = ClaudeConfigManagerTests;
			productReference = A10001010000000000000011 /* ClaudeConfigManagerTests.xctest */;
			productType = "com.apple.product-type.bundle.unit-test";
		};
/* End PBXNativeTarget section */

/* Begin PBXProject section */
		A10000030000000000000001 /* Project object */ = {
			isa = PBXProject;
			attributes = {
				BuildIndependentTargetsInParallel = 1;
				LastSwiftUpdateCheck = 2600;
				LastUpgradeCheck = 2600;
				TargetAttributes = {
					A10000040000000000000001 = {
						CreatedOnToolsVersion = 26.4;
					};
					A10000040000000000000002 = {
						CreatedOnToolsVersion = 26.4;
						TestTargetID = A10000040000000000000001;
					};
				};
			};
			buildConfigurationList = A10000090000000000000003 /* Build configuration list for PBXProject "ClaudeConfigManager" */;
			compatibilityVersion = "Xcode 14.0";
			developmentRegion = en;
			hasScannedForEncodings = 0;
			knownRegions = (
				en,
				Base,
			);
			mainGroup = A10000060000000000000001;
			productRefGroup = A10000060000000000000010 /* Products */;
			projectDirPath = "";
			projectRoot = "";
			targets = (
				A10000040000000000000001 /* ClaudeConfigManager */,
				A10000040000000000000002 /* ClaudeConfigManagerTests */,
			);
		};
/* End PBXProject section */

/* Begin PBXResourcesBuildPhase section */
		A10000080000000000000001 /* Resources */ = {
			isa = PBXResourcesBuildPhase;
			buildActionMask = 2147483647;
			files = (
				A1000001000000000000000E /* Assets.xcassets in Resources */,
			);
			runOnlyForDeploymentPostprocessing = 0;
		};
		A10000080000000000000002 /* Resources */ = {
			isa = PBXResourcesBuildPhase;
			buildActionMask = 2147483647;
			files = (
			);
			runOnlyForDeploymentPostprocessing = 0;
		};
/* End PBXResourcesBuildPhase section */

/* Begin PBXSourcesBuildPhase section */
		A10000070000000000000001 /* Sources */ = {
			isa = PBXSourcesBuildPhase;
			buildActionMask = 2147483647;
			files = (
				A10000010000000000000002 /* AppBootstrapState.swift in Sources */,
				A10000010000000000000021 /* AgentParser.swift in Sources */,
				A10000010000000000000003 /* AppRouter.swift in Sources */,
				A1000001000000000000000D /* AppDebugMonitor.swift in Sources */,
				A10000010000000000000010 /* BookmarkModels.swift in Sources */,
				A10000010000000000000011 /* BookmarkPersistence.swift in Sources */,
				A10000010000000000000012 /* BookmarkStore.swift in Sources */,
				A10000010000000000000001 /* ClaudeConfigManagerApp.swift in Sources */,
				A10000010000000000000013 /* FolderSelectionService.swift in Sources */,
				A10000010000000000000007 /* ManagedScopeView.swift in Sources */,
				A10000010000000000000008 /* ProjectScopeView.swift in Sources */,
				A1000001000000000000001F /* ClaudeJsonParser.swift in Sources */,
				A10000010000000000000019 /* RootLocator.swift in Sources */,
				A10000010000000000000018 /* RootResolutionModels.swift in Sources */,
				A10000010000000000000004 /* RootSplitView.swift in Sources */,
				A1000001000000000000000B /* ScopePlaceholderView.swift in Sources */,
				A1000001000000000000000C /* ScopeScreenModel.swift in Sources */,
				A10000010000000000000009 /* SessionScopeView.swift in Sources */,
				A10000010000000000000005 /* SidebarDestination.swift in Sources */,
				A10000010000000000000006 /* SidebarState.swift in Sources */,
				A1000001000000000000000A /* UserScopeView.swift in Sources */,
				A10000010000000000000027 /* SettingsKeyRegistry.swift in Sources */,
				A1000001000000000000001D /* SettingsParser.swift in Sources */,
				A10000010000000000000023 /* SkillParser.swift in Sources */,
				A10000010000000000000025 /* ResolverModels.swift in Sources */,
				A1000001000000000000001B /* WorkspaceScanner.swift in Sources */,
			);
			runOnlyForDeploymentPostprocessing = 0;
		};
		A10000070000000000000002 /* Sources */ = {
			isa = PBXSourcesBuildPhase;
			buildActionMask = 2147483647;
			files = (
				A10000010000000000000022 /* AgentParserTests.swift in Sources */,
				A10000010000000000000014 /* BookmarkStoreTests.swift in Sources */,
				A10000010000000000000020 /* ClaudeJsonParserTests.swift in Sources */,
				A1000001000000000000000F /* ClaudeConfigManagerTests.swift in Sources */,
				A1000001000000000000001A /* RootLocatorTests.swift in Sources */,
				A10000010000000000000026 /* ResolverModelsTests.swift in Sources */,
				A1000001000000000000001E /* SettingsParserTests.swift in Sources */,
				A10000010000000000000024 /* SkillParserTests.swift in Sources */,
				A1000001000000000000001C /* WorkspaceScannerTests.swift in Sources */,
			);
			runOnlyForDeploymentPostprocessing = 0;
		};
/* End PBXSourcesBuildPhase section */

/* Begin PBXTargetDependency section */
		A100000A0000000000000001 /* PBXTargetDependency */ = {
			isa = PBXTargetDependency;
			target = A10000040000000000000001 /* ClaudeConfigManager */;
			targetProxy = A10000020000000000000001 /* PBXContainerItemProxy */;
		};
/* End PBXTargetDependency section */

/* Begin XCBuildConfiguration section */
		A100000B0000000000000001 /* Debug */ = {
			isa = XCBuildConfiguration;
			buildSettings = {
				ALWAYS_SEARCH_USER_PATHS = NO;
				CLANG_ENABLE_MODULES = YES;
				COPY_PHASE_STRIP = NO;
				DEBUG_INFORMATION_FORMAT = dwarf;
				ENABLE_STRICT_OBJC_MSGSEND = YES;
				ENABLE_TESTABILITY = YES;
				GCC_OPTIMIZATION_LEVEL = 0;
				MACOSX_DEPLOYMENT_TARGET = 14.0;
				ONLY_ACTIVE_ARCH = YES;
				SDKROOT = macosx;
				SWIFT_ACTIVE_COMPILATION_CONDITIONS = DEBUG;
				SWIFT_OPTIMIZATION_LEVEL = "-Onone";
			};
			name = Debug;
		};
		A100000B0000000000000002 /* Release */ = {
			isa = XCBuildConfiguration;
			buildSettings = {
				ALWAYS_SEARCH_USER_PATHS = NO;
				CLANG_ENABLE_MODULES = YES;
				COPY_PHASE_STRIP = NO;
				DEBUG_INFORMATION_FORMAT = "dwarf-with-dsym";
				ENABLE_NS_ASSERTIONS = NO;
				ENABLE_STRICT_OBJC_MSGSEND = YES;
				MACOSX_DEPLOYMENT_TARGET = 14.0;
				SDKROOT = macosx;
				SWIFT_COMPILATION_MODE = wholemodule;
			};
			name = Release;
		};
		A100000B0000000000000003 /* Debug */ = {
			isa = XCBuildConfiguration;
			buildSettings = {
				ASSETCATALOG_COMPILER_APPICON_NAME = AppIcon;
				CODE_SIGN_ENTITLEMENTS = ClaudeConfigManager/Resources/ClaudeConfigManager.entitlements;
				CODE_SIGN_STYLE = Automatic;
				CURRENT_PROJECT_VERSION = 1;
				DEVELOPMENT_TEAM = "";
				ENABLE_APP_SANDBOX = YES;
				GENERATE_INFOPLIST_FILE = YES;
				INFOPLIST_KEY_LSApplicationCategoryType = "public.app-category.developer-tools";
				INFOPLIST_KEY_NSHumanReadableCopyright = "";
				LD_RUNPATH_SEARCH_PATHS = (
					"$(inherited)",
					"@executable_path/../Frameworks",
				);
				MARKETING_VERSION = 0.1.0;
				PRODUCT_BUNDLE_IDENTIFIER = com.nicholassophocleous.ClaudeConfigManager;
				PRODUCT_NAME = "$(TARGET_NAME)";
				SDKROOT = macosx;
				SUPPORTED_PLATFORMS = macosx;
				SWIFT_EMIT_LOC_STRINGS = YES;
				SWIFT_VERSION = 5.0;
			};
			name = Debug;
		};
		A100000B0000000000000004 /* Release */ = {
			isa = XCBuildConfiguration;
			buildSettings = {
				ASSETCATALOG_COMPILER_APPICON_NAME = AppIcon;
				CODE_SIGN_ENTITLEMENTS = ClaudeConfigManager/Resources/ClaudeConfigManager.entitlements;
				CODE_SIGN_STYLE = Automatic;
				CURRENT_PROJECT_VERSION = 1;
				DEVELOPMENT_TEAM = "";
				ENABLE_APP_SANDBOX = YES;
				GENERATE_INFOPLIST_FILE = YES;
				INFOPLIST_KEY_LSApplicationCategoryType = "public.app-category.developer-tools";
				INFOPLIST_KEY_NSHumanReadableCopyright = "";
				LD_RUNPATH_SEARCH_PATHS = (
					"$(inherited)",
					"@executable_path/../Frameworks",
				);
				MARKETING_VERSION = 0.1.0;
				PRODUCT_BUNDLE_IDENTIFIER = com.nicholassophocleous.ClaudeConfigManager;
				PRODUCT_NAME = "$(TARGET_NAME)";
				SDKROOT = macosx;
				SUPPORTED_PLATFORMS = macosx;
				SWIFT_EMIT_LOC_STRINGS = YES;
				SWIFT_VERSION = 5.0;
			};
			name = Release;
		};
		A100000B0000000000000005 /* Debug */ = {
			isa = XCBuildConfiguration;
			buildSettings = {
				BUNDLE_LOADER = "$(TEST_HOST)";
				CODE_SIGN_STYLE = Automatic;
				CURRENT_PROJECT_VERSION = 1;
				DEVELOPMENT_TEAM = "";
				GENERATE_INFOPLIST_FILE = YES;
				LD_RUNPATH_SEARCH_PATHS = (
					"$(inherited)",
					"@loader_path/../Frameworks",
					"@executable_path/../Frameworks",
				);
				MACOSX_DEPLOYMENT_TARGET = 14.0;
				MARKETING_VERSION = 0.1.0;
				PRODUCT_BUNDLE_IDENTIFIER = com.nicholassophocleous.ClaudeConfigManagerTests;
				PRODUCT_NAME = "$(TARGET_NAME)";
				SDKROOT = macosx;
				SUPPORTED_PLATFORMS = macosx;
				SWIFT_VERSION = 5.0;
				TEST_HOST = "$(BUILT_PRODUCTS_DIR)/ClaudeConfigManager.app/Contents/MacOS/ClaudeConfigManager";
				TEST_TARGET_NAME = ClaudeConfigManager;
			};
			name = Debug;
		};
		A100000B0000000000000006 /* Release */ = {
			isa = XCBuildConfiguration;
			buildSettings = {
				BUNDLE_LOADER = "$(TEST_HOST)";
				CODE_SIGN_STYLE = Automatic;
				CURRENT_PROJECT_VERSION = 1;
				DEVELOPMENT_TEAM = "";
				GENERATE_INFOPLIST_FILE = YES;
				LD_RUNPATH_SEARCH_PATHS = (
					"$(inherited)",
					"@loader_path/../Frameworks",
					"@executable_path/../Frameworks",
				);
				MACOSX_DEPLOYMENT_TARGET = 14.0;
				MARKETING_VERSION = 0.1.0;
				PRODUCT_BUNDLE_IDENTIFIER = com.nicholassophocleous.ClaudeConfigManagerTests;
				PRODUCT_NAME = "$(TARGET_NAME)";
				SDKROOT = macosx;
				SUPPORTED_PLATFORMS = macosx;
				SWIFT_VERSION = 5.0;
				TEST_HOST = "$(BUILT_PRODUCTS_DIR)/ClaudeConfigManager.app/Contents/MacOS/ClaudeConfigManager";
				TEST_TARGET_NAME = ClaudeConfigManager;
			};
			name = Release;
		};
/* End XCBuildConfiguration section */

/* Begin XCConfigurationList section */
		A10000090000000000000001 /* Build configuration list for PBXNativeTarget "ClaudeConfigManager" */ = {
			isa = XCConfigurationList;
			buildConfigurations = (
				A100000B0000000000000003 /* Debug */,
				A100000B0000000000000004 /* Release */,
			);
			defaultConfigurationIsVisible = 0;
			defaultConfigurationName = Release;
		};
		A10000090000000000000002 /* Build configuration list for PBXNativeTarget "ClaudeConfigManagerTests" */ = {
			isa = XCConfigurationList;
			buildConfigurations = (
				A100000B0000000000000005 /* Debug */,
				A100000B0000000000000006 /* Release */,
			);
			defaultConfigurationIsVisible = 0;
			defaultConfigurationName = Release;
		};
		A10000090000000000000003 /* Build configuration list for PBXProject "ClaudeConfigManager" */ = {
			isa = XCConfigurationList;
			buildConfigurations = (
				A100000B0000000000000001 /* Debug */,
				A100000B0000000000000002 /* Release */,
			);
			defaultConfigurationIsVisible = 0;
			defaultConfigurationName = Release;
		};
/* End XCConfigurationList section */
	};
	rootObject = A10000030000000000000001 /* Project object */;
}
